{
    "requires": true,
    "lockfileVersion": 1,
    "dependencies": {
        "microrouter": {
            "version": "3.0.0",
            "resolved": "https://registry.npmjs.org/microrouter/-/microrouter-3.0.0.tgz",
            "integrity": "sha512-GtS5fN3ksColxaH0f8zFi6Ptrug7QF8YiM7GnwRDYrejvKUz97CRC0MY8Tup5DiO0RgphARdY1sWdLsu7gWvSQ==",
            "requires": {
                "url-pattern": "1.0.3"
            }
        },
        "url-pattern": {
            "version": "1.0.3",
            "resolved": "https://registry.npmjs.org/url-pattern/-/url-pattern-1.0.3.tgz",
            "integrity": "sha1-BAkpJHGyTyPFDWWkeTF5PStaz8E="
        }
    }
}
